
Microsoft Visual Studio Solution File, Format Version 12.00
# Visual Studio Version 17
VisualStudioVersion = 17.11.35327.3
MinimumVisualStudioVersion = 10.0.40219.1
Project("{FAE04EC0-301F-11D3-BF4B-00C04F79EFBC}") = "TrackMoney", "TrackMoney.csproj", "{3BF3FBFE-889E-4C1D-9977-567ED03E5D1C}"
EndProject
Global
	GlobalSection(SolutionConfigurationPlatforms) = preSolution
		Debug|Any CPU = Debug|Any CPU
		Release|Any CPU = Release|Any CPU
	EndGlobalSection
	GlobalSection(ProjectConfigurationPlatforms) = postSolution
		{3BF3FBFE-889E-4C1D-9977-567ED03E5D1C}.Debug|Any CPU.ActiveCfg = Debug|Any CPU
		{3BF3FBFE-889E-4C1D-9977-567ED03E5D1C}.Debug|Any CPU.Build.0 = Debug|Any CPU
		{3BF3FBFE-889E-4C1D-9977-567ED03E5D1C}.Release|Any CPU.ActiveCfg = Release|Any CPU
		{3BF3FBFE-889E-4C1D-9977-567ED03E5D1C}.Release|Any CPU.Build.0 = Release|Any CPU
	EndGlobalSection
	GlobalSection(SolutionProperties) = preSolution
		HideSolutionNode = FALSE
	EndGlobalSection
	GlobalSection(ExtensibilityGlobals) = postSolution
		SolutionGuid = {C0968BC2-88A5-48CE-8C36-96AF9EB6C9F4}
	EndGlobalSection
EndGlobal
